
Microsoft Visual Studio Solution File, Format Version 12.00
# Visual Studio Version 16
VisualStudioVersion = 16.0.31605.320
MinimumVisualStudioVersion = 10.0.40219.1
Project("{FAE04EC0-301F-11D3-BF4B-00C04F79EFBC}") = "t-rex runnner game", "t-rex runnner game\t-rex runnner game.csproj", "{65679F4B-4FC5-471C-BA2C-0071E98DB8CB}"
EndProject
Global
	GlobalSection(SolutionConfigurationPlatforms) = preSolution
		Debug|Any CPU = Debug|Any CPU
		Release|Any CPU = Release|Any CPU
	EndGlobalSection
	GlobalSection(ProjectConfigurationPlatforms) = postSolution
		{65679F4B-4FC5-471C-BA2C-0071E98DB8CB}.Debug|Any CPU.ActiveCfg = Debug|Any CPU
		{65679F4B-4FC5-471C-BA2C-0071E98DB8CB}.Debug|Any CPU.Build.0 = Debug|Any CPU
		{65679F4B-4FC5-471C-BA2C-0071E98DB8CB}.Release|Any CPU.ActiveCfg = Release|Any CPU
		{65679F4B-4FC5-471C-BA2C-0071E98DB8CB}.Release|Any CPU.Build.0 = Release|Any CPU
	EndGlobalSection
	GlobalSection(SolutionProperties) = preSolution
		HideSolutionNode = FALSE
	EndGlobalSection
	GlobalSection(ExtensibilityGlobals) = postSolution
		SolutionGuid = {1BA16679-C473-4607-9283-FEC757DE8ADF}
	EndGlobalSection
EndGlobal
